
Microsoft Visual Studio Solution File, Format Version 12.00
# Visual Studio 2013
VisualStudioVersion = 12.0.30723.0
MinimumVisualStudioVersion = 10.0.40219.1
Project("{2150E333-8FDC-42A3-9474-1A3956D46DE8}") = "Metadata", "Metadata", "{3D53D132-A975-4D5F-9B32-16D7C69099D1}"
	ProjectSection(SolutionItems) = preProject
		metadata\familyNames.json = metadata\familyNames.json
		metadata\geography.json = metadata\geography.json
		metadata\names.json = metadata\names.json
		metadata\races.json = metadata\races.json
		metadata\rules.json = metadata\rules.json
		metadata\usa.json = metadata\usa.json
	EndProjectSection
EndProject
Project("{FAE04EC0-301F-11D3-BF4B-00C04F79EFBC}") = "DataCollector", "tools\DataCollector\DataCollector.csproj", "{012E4F73-5033-4820-BC7B-2EF6FD4BFF38}"
EndProject
Project("{2150E333-8FDC-42A3-9474-1A3956D46DE8}") = "states", "states", "{7E6EB7B9-4B95-4D44-958A-8CB55A13213E}"
	ProjectSection(SolutionItems) = preProject
		metadata\usa.AK.json = metadata\usa.AK.json
		metadata\usa.AL.json = metadata\usa.AL.json
		metadata\usa.AR.json = metadata\usa.AR.json
		metadata\usa.AZ.json = metadata\usa.AZ.json
		metadata\usa.CA.json = metadata\usa.CA.json
		metadata\usa.CO.json = metadata\usa.CO.json
		metadata\usa.CT.json = metadata\usa.CT.json
		metadata\usa.DC.json = metadata\usa.DC.json
		metadata\usa.DE.json = metadata\usa.DE.json
		metadata\usa.FL.json = metadata\usa.FL.json
		metadata\usa.GA.json = metadata\usa.GA.json
		metadata\usa.HI.json = metadata\usa.HI.json
		metadata\usa.IA.json = metadata\usa.IA.json
		metadata\usa.ID.json = metadata\usa.ID.json
		metadata\usa.IL.json = metadata\usa.IL.json
		metadata\usa.IN.json = metadata\usa.IN.json
		metadata\usa.KS.json = metadata\usa.KS.json
		metadata\usa.KY.json = metadata\usa.KY.json
		metadata\usa.LA.json = metadata\usa.LA.json
		metadata\usa.MA.json = metadata\usa.MA.json
		metadata\usa.MD.json = metadata\usa.MD.json
		metadata\usa.ME.json = metadata\usa.ME.json
		metadata\usa.MI.json = metadata\usa.MI.json
		metadata\usa.MN.json = metadata\usa.MN.json
		metadata\usa.MO.json = metadata\usa.MO.json
		metadata\usa.MS.json = metadata\usa.MS.json
		metadata\usa.MT.json = metadata\usa.MT.json
		metadata\usa.NC.json = metadata\usa.NC.json
		metadata\usa.ND.json = metadata\usa.ND.json
		metadata\usa.NE.json = metadata\usa.NE.json
		metadata\usa.NH.json = metadata\usa.NH.json
		metadata\usa.NJ.json = metadata\usa.NJ.json
		metadata\usa.NM.json = metadata\usa.NM.json
		metadata\usa.NV.json = metadata\usa.NV.json
		metadata\usa.NY.json = metadata\usa.NY.json
		metadata\usa.OH.json = metadata\usa.OH.json
		metadata\usa.OK.json = metadata\usa.OK.json
		metadata\usa.OR.json = metadata\usa.OR.json
		metadata\usa.PA.json = metadata\usa.PA.json
		metadata\usa.RI.json = metadata\usa.RI.json
		metadata\usa.SC.json = metadata\usa.SC.json
		metadata\usa.SD.json = metadata\usa.SD.json
		metadata\usa.TN.json = metadata\usa.TN.json
		metadata\usa.TX.json = metadata\usa.TX.json
		metadata\usa.UT.json = metadata\usa.UT.json
		metadata\usa.VA.json = metadata\usa.VA.json
		metadata\usa.VT.json = metadata\usa.VT.json
		metadata\usa.WA.json = metadata\usa.WA.json
		metadata\usa.WI.json = metadata\usa.WI.json
		metadata\usa.WV.json = metadata\usa.WV.json
		metadata\usa.WY.json = metadata\usa.WY.json
	EndProjectSection
EndProject
Project("{9092AA53-FB77-4645-B42D-1CCCA6BD08BD}") = "MetadataTools", "tools\MetadataTools\MetadataTools.njsproj", "{5C7E12A8-DAE5-4A70-9A29-70358C0BEDA8}"
EndProject
Global
	GlobalSection(SolutionConfigurationPlatforms) = preSolution
		Debug|Any CPU = Debug|Any CPU
		Release|Any CPU = Release|Any CPU
	EndGlobalSection
	GlobalSection(ProjectConfigurationPlatforms) = postSolution
		{012E4F73-5033-4820-BC7B-2EF6FD4BFF38}.Debug|Any CPU.ActiveCfg = Debug|Any CPU
		{012E4F73-5033-4820-BC7B-2EF6FD4BFF38}.Debug|Any CPU.Build.0 = Debug|Any CPU
		{012E4F73-5033-4820-BC7B-2EF6FD4BFF38}.Release|Any CPU.ActiveCfg = Release|Any CPU
		{012E4F73-5033-4820-BC7B-2EF6FD4BFF38}.Release|Any CPU.Build.0 = Release|Any CPU
		{5C7E12A8-DAE5-4A70-9A29-70358C0BEDA8}.Debug|Any CPU.ActiveCfg = Debug|Any CPU
		{5C7E12A8-DAE5-4A70-9A29-70358C0BEDA8}.Debug|Any CPU.Build.0 = Debug|Any CPU
		{5C7E12A8-DAE5-4A70-9A29-70358C0BEDA8}.Release|Any CPU.ActiveCfg = Release|Any CPU
		{5C7E12A8-DAE5-4A70-9A29-70358C0BEDA8}.Release|Any CPU.Build.0 = Release|Any CPU
	EndGlobalSection
	GlobalSection(SolutionProperties) = preSolution
		HideSolutionNode = FALSE
	EndGlobalSection
	GlobalSection(NestedProjects) = preSolution
		{7E6EB7B9-4B95-4D44-958A-8CB55A13213E} = {3D53D132-A975-4D5F-9B32-16D7C69099D1}
	EndGlobalSection
EndGlobal
